
Microsoft Visual Studio Solution File, Format Version 12.00
# Visual Studio Version 17
VisualStudioVersion = 17.1.32228.430
MinimumVisualStudioVersion = 10.0.40219.1
Project("{FAE04EC0-301F-11D3-BF4B-00C04F79EFBC}") = "ConsoleApp1", "ConsoleApp1\ConsoleApp1.csproj", "{FEACEDEA-C132-4B2F-B776-9713CE9F9FDD}"
EndProject
Global
	GlobalSection(SolutionConfigurationPlatforms) = preSolution
		Debug|Any CPU = Debug|Any CPU
		Release|Any CPU = Release|Any CPU
	EndGlobalSection
	GlobalSection(ProjectConfigurationPlatforms) = postSolution
		{FEACEDEA-C132-4B2F-B776-9713CE9F9FDD}.Debug|Any CPU.ActiveCfg = Debug|Any CPU
		{FEACEDEA-C132-4B2F-B776-9713CE9F9FDD}.Debug|Any CPU.Build.0 = Debug|Any CPU
		{FEACEDEA-C132-4B2F-B776-9713CE9F9FDD}.Release|Any CPU.ActiveCfg = Release|Any CPU
		{FEACEDEA-C132-4B2F-B776-9713CE9F9FDD}.Release|Any CPU.Build.0 = Release|Any CPU
	EndGlobalSection
	GlobalSection(SolutionProperties) = preSolution
		HideSolutionNode = FALSE
	EndGlobalSection
	GlobalSection(ExtensibilityGlobals) = postSolution
		SolutionGuid = {CC2BBD0E-CE34-4A47-B154-F3E3F551B41B}
	EndGlobalSection
EndGlobal
